
Microsoft Visual Studio Solution File, Format Version 12.00
# Visual Studio 2012
Project("{FAE04EC0-301F-11D3-BF4B-00C04F79EFBC}") = "TOPT.NetworkSimulator.Program", "TOPT.NetworkSimulator.Program\TOPT.NetworkSimulator.Program.csproj", "{A349EB59-EFD4-4DF4-8150-0D5F1F4A2506}"
EndProject
Project("{FAE04EC0-301F-11D3-BF4B-00C04F79EFBC}") = "TOPT.NetworkSimulator.Engine", "TOPT.NetworkSimulator.Engine\TOPT.NetworkSimulator.Engine.csproj", "{35DED520-5CC3-446B-B182-DBFC882F57C9}"
EndProject
Project("{FAE04EC0-301F-11D3-BF4B-00C04F79EFBC}") = "TOPT.NetworkSimulator.Routing", "TOPT.NetworkSimulator.Routing\TOPT.NetworkSimulator.Routing.csproj", "{EB1A781B-E9EE-4837-A7C4-452CF0805C0E}"
EndProject
Global
	GlobalSection(SolutionConfigurationPlatforms) = preSolution
		Debug|Any CPU = Debug|Any CPU
		Release|Any CPU = Release|Any CPU
	EndGlobalSection
	GlobalSection(ProjectConfigurationPlatforms) = postSolution
		{A349EB59-EFD4-4DF4-8150-0D5F1F4A2506}.Debug|Any CPU.ActiveCfg = Debug|Any CPU
		{A349EB59-EFD4-4DF4-8150-0D5F1F4A2506}.Debug|Any CPU.Build.0 = Debug|Any CPU
		{A349EB59-EFD4-4DF4-8150-0D5F1F4A2506}.Release|Any CPU.ActiveCfg = Release|Any CPU
		{A349EB59-EFD4-4DF4-8150-0D5F1F4A2506}.Release|Any CPU.Build.0 = Release|Any CPU
		{35DED520-5CC3-446B-B182-DBFC882F57C9}.Debug|Any CPU.ActiveCfg = Debug|Any CPU
		{35DED520-5CC3-446B-B182-DBFC882F57C9}.Debug|Any CPU.Build.0 = Debug|Any CPU
		{35DED520-5CC3-446B-B182-DBFC882F57C9}.Release|Any CPU.ActiveCfg = Release|Any CPU
		{35DED520-5CC3-446B-B182-DBFC882F57C9}.Release|Any CPU.Build.0 = Release|Any CPU
		{EB1A781B-E9EE-4837-A7C4-452CF0805C0E}.Debug|Any CPU.ActiveCfg = Debug|Any CPU
		{EB1A781B-E9EE-4837-A7C4-452CF0805C0E}.Debug|Any CPU.Build.0 = Debug|Any CPU
		{EB1A781B-E9EE-4837-A7C4-452CF0805C0E}.Release|Any CPU.ActiveCfg = Release|Any CPU
		{EB1A781B-E9EE-4837-A7C4-452CF0805C0E}.Release|Any CPU.Build.0 = Release|Any CPU
	EndGlobalSection
	GlobalSection(SolutionProperties) = preSolution
		HideSolutionNode = FALSE
	EndGlobalSection
EndGlobal
